
Microsoft Visual Studio Solution File, Format Version 12.00
# Visual Studio Version 17
VisualStudioVersion = 17.14.36429.23
MinimumVisualStudioVersion = 10.0.40219.1
Project("{2150E333-8FDC-42A3-9474-1A3956D46DE8}") = "Task0", "Task0", "{02EA681E-C7D8-13C7-8484-4AC65E1B71E8}"
EndProject
Project("{FAE04EC0-301F-11D3-BF4B-00C04F79EFBC}") = "Tyuiu.SychevaIS.Sprint0.Task0.V0", "Tyuiu.SychevaIS.Sprint0.Task0.V0\Tyuiu.SychevaIS.Sprint0.Task0.V0.csproj", "{CD02F962-BE66-4804-AEC2-DBC76D23616C}"
EndProject
Project("{2150E333-8FDC-42A3-9474-1A3956D46DE8}") = "Task1", "Task1", "{D8CF57AD-9B17-4716-B1DD-BD2CCC96BE3C}"
EndProject
Project("{FAE04EC0-301F-11D3-BF4B-00C04F79EFBC}") = "Tyuiu.SychevaIS.Sprint0.Task1.V0", "Tyuiu.SychevaIS.Sprint0.Task1.V0\Tyuiu.SychevaIS.Sprint0.Task1.V0.csproj", "{A073E240-5A55-4018-85B8-2EE5EB4F7FFE}"
EndProject
Project("{2150E333-8FDC-42A3-9474-1A3956D46DE8}") = "Task2", "Task2", "{37B5F3D2-34DD-450E-84D7-CB08281E994F}"
EndProject
Project("{FAE04EC0-301F-11D3-BF4B-00C04F79EFBC}") = "Tyuiu.SychevaIS.Sprint0.Task2.V0", "Tyuiu.SychevaIS.Sprint0.Task2.V0\Tyuiu.SychevaIS.Sprint0.Task2.V0.csproj", "{88F11634-8AE2-4587-A5C0-21AEADE8BA48}"
EndProject
Project("{FAE04EC0-301F-11D3-BF4B-00C04F79EFBC}") = "Tyuiu.SychevaIS.Sprint0.Task2.V0.Lib", "Tyuiu.SychevaIS.Sprint0.Task2.V0.Lib\Tyuiu.SychevaIS.Sprint0.Task2.V0.Lib.csproj", "{E26ABB91-29FA-4E88-B903-3E7DBC05CC43}"
EndProject
Project("{FAE04EC0-301F-11D3-BF4B-00C04F79EFBC}") = "Tyuiu.SychevaIS.Sprint0.Task2.V0.Test", "Tyuiu.SychevaIS.Sprint0.Task2.V0.Test\Tyuiu.SychevaIS.Sprint0.Task2.V0.Test.csproj", "{80D9955E-962D-4138-9DEA-648DF0C4351C}"
EndProject
Global
	GlobalSection(SolutionConfigurationPlatforms) = preSolution
		Debug|Any CPU = Debug|Any CPU
		Release|Any CPU = Release|Any CPU
	EndGlobalSection
	GlobalSection(ProjectConfigurationPlatforms) = postSolution
		{CD02F962-BE66-4804-AEC2-DBC76D23616C}.Debug|Any CPU.ActiveCfg = Debug|Any CPU
		{CD02F962-BE66-4804-AEC2-DBC76D23616C}.Debug|Any CPU.Build.0 = Debug|Any CPU
		{CD02F962-BE66-4804-AEC2-DBC76D23616C}.Release|Any CPU.ActiveCfg = Release|Any CPU
		{CD02F962-BE66-4804-AEC2-DBC76D23616C}.Release|Any CPU.Build.0 = Release|Any CPU
		{A073E240-5A55-4018-85B8-2EE5EB4F7FFE}.Debug|Any CPU.ActiveCfg = Debug|Any CPU
		{A073E240-5A55-4018-85B8-2EE5EB4F7FFE}.Debug|Any CPU.Build.0 = Debug|Any CPU
		{A073E240-5A55-4018-85B8-2EE5EB4F7FFE}.Release|Any CPU.ActiveCfg = Release|Any CPU
		{A073E240-5A55-4018-85B8-2EE5EB4F7FFE}.Release|Any CPU.Build.0 = Release|Any CPU
		{88F11634-8AE2-4587-A5C0-21AEADE8BA48}.Debug|Any CPU.ActiveCfg = Debug|Any CPU
		{88F11634-8AE2-4587-A5C0-21AEADE8BA48}.Debug|Any CPU.Build.0 = Debug|Any CPU
		{88F11634-8AE2-4587-A5C0-21AEADE8BA48}.Release|Any CPU.ActiveCfg = Release|Any CPU
		{88F11634-8AE2-4587-A5C0-21AEADE8BA48}.Release|Any CPU.Build.0 = Release|Any CPU
		{E26ABB91-29FA-4E88-B903-3E7DBC05CC43}.Debug|Any CPU.ActiveCfg = Debug|Any CPU
		{E26ABB91-29FA-4E88-B903-3E7DBC05CC43}.Debug|Any CPU.Build.0 = Debug|Any CPU
		{E26ABB91-29FA-4E88-B903-3E7DBC05CC43}.Release|Any CPU.ActiveCfg = Release|Any CPU
		{E26ABB91-29FA-4E88-B903-3E7DBC05CC43}.Release|Any CPU.Build.0 = Release|Any CPU
		{80D9955E-962D-4138-9DEA-648DF0C4351C}.Debug|Any CPU.ActiveCfg = Debug|Any CPU
		{80D9955E-962D-4138-9DEA-648DF0C4351C}.Debug|Any CPU.Build.0 = Debug|Any CPU
		{80D9955E-962D-4138-9DEA-648DF0C4351C}.Release|Any CPU.ActiveCfg = Release|Any CPU
		{80D9955E-962D-4138-9DEA-648DF0C4351C}.Release|Any CPU.Build.0 = Release|Any CPU
	EndGlobalSection
	GlobalSection(SolutionProperties) = preSolution
		HideSolutionNode = FALSE
	EndGlobalSection
	GlobalSection(NestedProjects) = preSolution
		{CD02F962-BE66-4804-AEC2-DBC76D23616C} = {02EA681E-C7D8-13C7-8484-4AC65E1B71E8}
		{A073E240-5A55-4018-85B8-2EE5EB4F7FFE} = {D8CF57AD-9B17-4716-B1DD-BD2CCC96BE3C}
		{88F11634-8AE2-4587-A5C0-21AEADE8BA48} = {37B5F3D2-34DD-450E-84D7-CB08281E994F}
		{E26ABB91-29FA-4E88-B903-3E7DBC05CC43} = {37B5F3D2-34DD-450E-84D7-CB08281E994F}
		{80D9955E-962D-4138-9DEA-648DF0C4351C} = {37B5F3D2-34DD-450E-84D7-CB08281E994F}
	EndGlobalSection
	GlobalSection(ExtensibilityGlobals) = postSolution
		SolutionGuid = {0E9CF4A9-E414-49CB-BE25-14923B030780}
	EndGlobalSection
EndGlobal
